
Microsoft Visual Studio Solution File, Format Version 12.00
# Visual Studio Version 17
VisualStudioVersion = 17.3.32922.545
MinimumVisualStudioVersion = 10.0.40219.1
Project("{FAE04EC0-301F-11D3-BF4B-00C04F79EFBC}") = "student-management-system-API", "student-management-system-API\student-management-system-API.csproj", "{46DBF163-1A59-4340-8661-B8B15713A8B2}"
EndProject
Global
	GlobalSection(SolutionConfigurationPlatforms) = preSolution
		Debug|Any CPU = Debug|Any CPU
		Release|Any CPU = Release|Any CPU
	EndGlobalSection
	GlobalSection(ProjectConfigurationPlatforms) = postSolution
		{46DBF163-1A59-4340-8661-B8B15713A8B2}.Debug|Any CPU.ActiveCfg = Debug|Any CPU
		{46DBF163-1A59-4340-8661-B8B15713A8B2}.Debug|Any CPU.Build.0 = Debug|Any CPU
		{46DBF163-1A59-4340-8661-B8B15713A8B2}.Release|Any CPU.ActiveCfg = Release|Any CPU
		{46DBF163-1A59-4340-8661-B8B15713A8B2}.Release|Any CPU.Build.0 = Release|Any CPU
	EndGlobalSection
	GlobalSection(SolutionProperties) = preSolution
		HideSolutionNode = FALSE
	EndGlobalSection
	GlobalSection(ExtensibilityGlobals) = postSolution
		SolutionGuid = {12A8C275-8A97-4A8C-B458-2F5394FCF3B2}
	EndGlobalSection
EndGlobal
